// !$*UTF8*$!
{
	archiveVersion = 1;
	classes = {
	};
	objectVersion = 56;
	objects = {

/* Begin PBXBuildFile section */
		078054C12A8E044C0016BC46 /* Struct.swift in Sources */ = {isa = PBXBuildFile; fileRef = 078054C02A8E044C0016BC46 /* Struct.swift */; };
		101D6E362A8D15E80099654D /* StroyList.swift in Sources */ = {isa = PBXBuildFile; fileRef = 101D6E352A8D15E80099654D /* StroyList.swift */; };
		1059B3322A8E01C000023E1A /* TestViewController.swift in Sources */ = {isa = PBXBuildFile; fileRef = 1059B3312A8E01C000023E1A /* TestViewController.swift */; };
		1059B3352A8E02A800023E1A /* SeperateTableViewCell.swift in Sources */ = {isa = PBXBuildFile; fileRef = 1059B3332A8E02A800023E1A /* SeperateTableViewCell.swift */; };
		1059B3362A8E02A800023E1A /* SeperateTableViewCell.xib in Resources */ = {isa = PBXBuildFile; fileRef = 1059B3342A8E02A800023E1A /* SeperateTableViewCell.xib */; };
		10CAA8172A8DB19200AAE44C /* CreatePageViewController.swift in Sources */ = {isa = PBXBuildFile; fileRef = 10CAA8162A8DB19200AAE44C /* CreatePageViewController.swift */; };
		10D0948A2A8C686600E54766 /* FeedTableViewCell.swift in Sources */ = {isa = PBXBuildFile; fileRef = 10D094882A8C686600E54766 /* FeedTableViewCell.swift */; };
		10D0948B2A8C686600E54766 /* FeedTableViewCell.xib in Resources */ = {isa = PBXBuildFile; fileRef = 10D094892A8C686600E54766 /* FeedTableViewCell.xib */; };
		10D0948E2A8C92A000E54766 /* StoryTableViewCell.swift in Sources */ = {isa = PBXBuildFile; fileRef = 10D0948C2A8C92A000E54766 /* StoryTableViewCell.swift */; };
		10D0948F2A8C92A000E54766 /* StoryTableViewCell.xib in Resources */ = {isa = PBXBuildFile; fileRef = 10D0948D2A8C92A000E54766 /* StoryTableViewCell.xib */; };
		10D094922A8C9A2500E54766 /* StoryCollectionViewCell.swift in Sources */ = {isa = PBXBuildFile; fileRef = 10D094902A8C9A2500E54766 /* StoryCollectionViewCell.swift */; };
		10D094932A8C9A2500E54766 /* StoryCollectionViewCell.xib in Resources */ = {isa = PBXBuildFile; fileRef = 10D094912A8C9A2500E54766 /* StoryCollectionViewCell.xib */; };
		10D094952A8CFB3100E54766 /* FeedList.swift in Sources */ = {isa = PBXBuildFile; fileRef = 10D094942A8CFB3100E54766 /* FeedList.swift */; };
		10D29B7F2A8A23D300AEF72F /* MainPageViewController.swift in Sources */ = {isa = PBXBuildFile; fileRef = 10D29B7E2A8A23D300AEF72F /* MainPageViewController.swift */; };
		10D533F12A89FE6900A7D17A /* AppDelegate.swift in Sources */ = {isa = PBXBuildFile; fileRef = 10D533F02A89FE6900A7D17A /* AppDelegate.swift */; };
		10D533F32A89FE6900A7D17A /* SceneDelegate.swift in Sources */ = {isa = PBXBuildFile; fileRef = 10D533F22A89FE6900A7D17A /* SceneDelegate.swift */; };
		10D533F52A89FE6900A7D17A /* ViewController.swift in Sources */ = {isa = PBXBuildFile; fileRef = 10D533F42A89FE6900A7D17A /* ViewController.swift */; };
		10D533F82A89FE6900A7D17A /* Main.storyboard in Resources */ = {isa = PBXBuildFile; fileRef = 10D533F62A89FE6900A7D17A /* Main.storyboard */; };
		10D533FA2A89FE6B00A7D17A /* Assets.xcassets in Resources */ = {isa = PBXBuildFile; fileRef = 10D533F92A89FE6B00A7D17A /* Assets.xcassets */; };
		10D533FD2A89FE6B00A7D17A /* LaunchScreen.storyboard in Resources */ = {isa = PBXBuildFile; fileRef = 10D533FB2A89FE6B00A7D17A /* LaunchScreen.storyboard */; };
		10D534052A89FE8800A7D17A /* MainPage.storyboard in Resources */ = {isa = PBXBuildFile; fileRef = 10D534042A89FE8800A7D17A /* MainPage.storyboard */; };
		10D534072A89FEA900A7D17A /* DetailPage.storyboard in Resources */ = {isa = PBXBuildFile; fileRef = 10D534062A89FEA900A7D17A /* DetailPage.storyboard */; };
		10D5340B2A89FED500A7D17A /* CreatePage.storyboard in Resources */ = {isa = PBXBuildFile; fileRef = 10D5340A2A89FED500A7D17A /* CreatePage.storyboard */; };
		10D534112A89FF1900A7D17A /* EditMyPage.storyboard in Resources */ = {isa = PBXBuildFile; fileRef = 10D534102A89FF1900A7D17A /* EditMyPage.storyboard */; };
		AB0BE5D02A8F45850028A1E1 /* DetailPageViewController.swift in Sources */ = {isa = PBXBuildFile; fileRef = AB0BE5CF2A8F45850028A1E1 /* DetailPageViewController.swift */; };
		AB0BE5D22A8F45E70028A1E1 /* CustomTableViewCell.swift in Sources */ = {isa = PBXBuildFile; fileRef = AB0BE5D12A8F45E70028A1E1 /* CustomTableViewCell.swift */; };
		D648A4752A8F3E89001E4D85 /* MyPageViewController.swift in Sources */ = {isa = PBXBuildFile; fileRef = D648A46F2A8F3E89001E4D85 /* MyPageViewController.swift */; };
		D648A4762A8F3E89001E4D85 /* Friend in Resources */ = {isa = PBXBuildFile; fileRef = D648A4702A8F3E89001E4D85 /* Friend */; };
		D648A4772A8F3E89001E4D85 /* Feed in Resources */ = {isa = PBXBuildFile; fileRef = D648A4712A8F3E89001E4D85 /* Feed */; };
		D648A4782A8F3E89001E4D85 /* Data.swift in Sources */ = {isa = PBXBuildFile; fileRef = D648A4722A8F3E89001E4D85 /* Data.swift */; };
		D648A4792A8F3E89001E4D85 /* MyProfile in Resources */ = {isa = PBXBuildFile; fileRef = D648A4732A8F3E89001E4D85 /* MyProfile */; };
		D648A47A2A8F3E89001E4D85 /* MyPage.storyboard in Resources */ = {isa = PBXBuildFile; fileRef = D648A4742A8F3E89001E4D85 /* MyPage.storyboard */; };
/* End PBXBuildFile section */

/* Begin PBXFileReference section */
		078054C02A8E044C0016BC46 /* Struct.swift */ = {isa = PBXFileReference; lastKnownFileType = sourcecode.swift; path = Struct.swift; sourceTree = "<group>"; };
		101D6E352A8D15E80099654D /* StroyList.swift */ = {isa = PBXFileReference; lastKnownFileType = sourcecode.swift; path = StroyList.swift; sourceTree = "<group>"; };
		1059B3312A8E01C000023E1A /* TestViewController.swift */ = {isa = PBXFileReference; lastKnownFileType = sourcecode.swift; path = TestViewController.swift; sourceTree = "<group>"; };
		1059B3332A8E02A800023E1A /* SeperateTableViewCell.swift */ = {isa = PBXFileReference; lastKnownFileType = sourcecode.swift; name = SeperateTableViewCell.swift; path = HelloWorld/MainPage/Cell/TableViewCell/SeperateTableViewCell.swift; sourceTree = SOURCE_ROOT; };
		1059B3342A8E02A800023E1A /* SeperateTableViewCell.xib */ = {isa = PBXFileReference; lastKnownFileType = file.xib; name = SeperateTableViewCell.xib; path = HelloWorld/MainPage/Cell/TableViewCell/SeperateTableViewCell.xib; sourceTree = SOURCE_ROOT; };
		10CAA8162A8DB19200AAE44C /* CreatePageViewController.swift */ = {isa = PBXFileReference; lastKnownFileType = sourcecode.swift; path = CreatePageViewController.swift; sourceTree = "<group>"; };
		10D094882A8C686600E54766 /* FeedTableViewCell.swift */ = {isa = PBXFileReference; lastKnownFileType = sourcecode.swift; path = FeedTableViewCell.swift; sourceTree = "<group>"; };
		10D094892A8C686600E54766 /* FeedTableViewCell.xib */ = {isa = PBXFileReference; lastKnownFileType = file.xib; path = FeedTableViewCell.xib; sourceTree = "<group>"; };
		10D0948C2A8C92A000E54766 /* StoryTableViewCell.swift */ = {isa = PBXFileReference; lastKnownFileType = sourcecode.swift; path = StoryTableViewCell.swift; sourceTree = "<group>"; };
		10D0948D2A8C92A000E54766 /* StoryTableViewCell.xib */ = {isa = PBXFileReference; lastKnownFileType = file.xib; path = StoryTableViewCell.xib; sourceTree = "<group>"; };
		10D094902A8C9A2500E54766 /* StoryCollectionViewCell.swift */ = {isa = PBXFileReference; lastKnownFileType = sourcecode.swift; path = StoryCollectionViewCell.swift; sourceTree = "<group>"; };
		10D094912A8C9A2500E54766 /* StoryCollectionViewCell.xib */ = {isa = PBXFileReference; lastKnownFileType = file.xib; path = StoryCollectionViewCell.xib; sourceTree = "<group>"; };
		10D094942A8CFB3100E54766 /* FeedList.swift */ = {isa = PBXFileReference; lastKnownFileType = sourcecode.swift; path = FeedList.swift; sourceTree = "<group>"; };
		10D29B7E2A8A23D300AEF72F /* MainPageViewController.swift */ = {isa = PBXFileReference; lastKnownFileType = sourcecode.swift; path = MainPageViewController.swift; sourceTree = "<group>"; };
		10D533ED2A89FE6900A7D17A /* HelloWorld.app */ = {isa = PBXFileReference; explicitFileType = wrapper.application; includeInIndex = 0; path = HelloWorld.app; sourceTree = BUILT_PRODUCTS_DIR; };
		10D533F02A89FE6900A7D17A /* AppDelegate.swift */ = {isa = PBXFileReference; lastKnownFileType = sourcecode.swift; path = AppDelegate.swift; sourceTree = "<group>"; };
		10D533F22A89FE6900A7D17A /* SceneDelegate.swift */ = {isa = PBXFileReference; lastKnownFileType = sourcecode.swift; path = SceneDelegate.swift; sourceTree = "<group>"; };
		10D533F42A89FE6900A7D17A /* ViewController.swift */ = {isa = PBXFileReference; lastKnownFileType = sourcecode.swift; path = ViewController.swift; sourceTree = "<group>"; };
		10D533F72A89FE6900A7D17A /* Base */ = {isa = PBXFileReference; lastKnownFileType = file.storyboard; name = Base; path = Base.lproj/Main.storyboard; sourceTree = "<group>"; };
		10D533F92A89FE6B00A7D17A /* Assets.xcassets */ = {isa = PBXFileReference; lastKnownFileType = folder.assetcatalog; path = Assets.xcassets; sourceTree = "<group>"; };
		10D533FC2A89FE6B00A7D17A /* Base */ = {isa = PBXFileReference; lastKnownFileType = file.storyboard; name = Base; path = Base.lproj/LaunchScreen.storyboard; sourceTree = "<group>"; };
		10D533FE2A89FE6B00A7D17A /* Info.plist */ = {isa = PBXFileReference; lastKnownFileType = text.plist.xml; path = Info.plist; sourceTree = "<group>"; };
		10D534042A89FE8800A7D17A /* MainPage.storyboard */ = {isa = PBXFileReference; lastKnownFileType = file.storyboard; path = MainPage.storyboard; sourceTree = "<group>"; };
		10D534062A89FEA900A7D17A /* DetailPage.storyboard */ = {isa = PBXFileReference; lastKnownFileType = file.storyboard; path = DetailPage.storyboard; sourceTree = "<group>"; };
		10D5340A2A89FED500A7D17A /* CreatePage.storyboard */ = {isa = PBXFileReference; lastKnownFileType = file.storyboard; path = CreatePage.storyboard; sourceTree = "<group>"; };
		10D534102A89FF1900A7D17A /* EditMyPage.storyboard */ = {isa = PBXFileReference; lastKnownFileType = file.storyboard; path = EditMyPage.storyboard; sourceTree = "<group>"; };
		AB0BE5CF2A8F45850028A1E1 /* DetailPageViewController.swift */ = {isa = PBXFileReference; lastKnownFileType = sourcecode.swift; path = DetailPageViewController.swift; sourceTree = "<group>"; };
		AB0BE5D12A8F45E70028A1E1 /* CustomTableViewCell.swift */ = {isa = PBXFileReference; lastKnownFileType = sourcecode.swift; path = CustomTableViewCell.swift; sourceTree = "<group>"; };
		D648A46F2A8F3E89001E4D85 /* MyPageViewController.swift */ = {isa = PBXFileReference; fileEncoding = 4; lastKnownFileType = sourcecode.swift; path = MyPageViewController.swift; sourceTree = "<group>"; };
		D648A4702A8F3E89001E4D85 /* Friend */ = {isa = PBXFileReference; lastKnownFileType = folder; path = Friend; sourceTree = "<group>"; };
		D648A4712A8F3E89001E4D85 /* Feed */ = {isa = PBXFileReference; lastKnownFileType = folder; path = Feed; sourceTree = "<group>"; };
		D648A4722A8F3E89001E4D85 /* Data.swift */ = {isa = PBXFileReference; fileEncoding = 4; lastKnownFileType = sourcecode.swift; path = Data.swift; sourceTree = "<group>"; };
		D648A4732A8F3E89001E4D85 /* MyProfile */ = {isa = PBXFileReference; lastKnownFileType = folder; path = MyProfile; sourceTree = "<group>"; };
		D648A4742A8F3E89001E4D85 /* MyPage.storyboard */ = {isa = PBXFileReference; fileEncoding = 4; lastKnownFileType = file.storyboard; path = MyPage.storyboard; sourceTree = "<group>"; };
/* End PBXFileReference section */

/* Begin PBXFrameworksBuildPhase section */
		10D533EA2A89FE6900A7D17A /* Frameworks */ = {
			isa = PBXFrameworksBuildPhase;
			buildActionMask = 2147483647;
			files = (
			);
			runOnlyForDeploymentPostprocessing = 0;
		};
/* End PBXFrameworksBuildPhase section */

/* Begin PBXGroup section */
		1059B3372A8E09ED00023E1A /* TableViewCell */ = {
			isa = PBXGroup;
			children = (
				1059B3332A8E02A800023E1A /* SeperateTableViewCell.swift */,
				1059B3342A8E02A800023E1A /* SeperateTableViewCell.xib */,
				10D094882A8C686600E54766 /* FeedTableViewCell.swift */,
				10D094892A8C686600E54766 /* FeedTableViewCell.xib */,
				10D0948C2A8C92A000E54766 /* StoryTableViewCell.swift */,
				10D0948D2A8C92A000E54766 /* StoryTableViewCell.xib */,
			);
			path = TableViewCell;
			sourceTree = "<group>";
		};
		1059B3382A8E0A0B00023E1A /* CollectionViewCell */ = {
			isa = PBXGroup;
			children = (
				10D094902A8C9A2500E54766 /* StoryCollectionViewCell.swift */,
				10D094912A8C9A2500E54766 /* StoryCollectionViewCell.xib */,
			);
			path = CollectionViewCell;
			sourceTree = "<group>";
		};
		10D094872A8C683900E54766 /* Cell */ = {
			isa = PBXGroup;
			children = (
				1059B3372A8E09ED00023E1A /* TableViewCell */,
				1059B3382A8E0A0B00023E1A /* CollectionViewCell */,
			);
			path = Cell;
			sourceTree = "<group>";
		};
		10D533E42A89FE6900A7D17A = {
			isa = PBXGroup;
			children = (
				10D533EF2A89FE6900A7D17A /* HelloWorld */,
				10D533EE2A89FE6900A7D17A /* Products */,
			);
			sourceTree = "<group>";
		};
		10D533EE2A89FE6900A7D17A /* Products */ = {
			isa = PBXGroup;
			children = (
				10D533ED2A89FE6900A7D17A /* HelloWorld.app */,
			);
			name = Products;
			sourceTree = "<group>";
		};
		10D533EF2A89FE6900A7D17A /* HelloWorld */ = {
			isa = PBXGroup;
			children = (
				10D533FE2A89FE6B00A7D17A /* Info.plist */,
				10D534082A89FEB300A7D17A /* MainPage */,
				10D5340C2A89FED900A7D17A /* CreatePage */,
				10D5340F2A89FF0000A7D17A /* MyPage */,
				10D534122A89FF2100A7D17A /* EditMyPage */,
				10D533F62A89FE6900A7D17A /* Main.storyboard */,
				10D533FB2A89FE6B00A7D17A /* LaunchScreen.storyboard */,
				10D534092A89FEBC00A7D17A /* DetailPage */,
			);
			path = HelloWorld;
			sourceTree = "<group>";
		};
		10D534082A89FEB300A7D17A /* MainPage */ = {
			isa = PBXGroup;
			children = (
				10D094872A8C683900E54766 /* Cell */,
				10D534042A89FE8800A7D17A /* MainPage.storyboard */,
				1059B3312A8E01C000023E1A /* TestViewController.swift */,
				10D29B7E2A8A23D300AEF72F /* MainPageViewController.swift */,
				10CAA8162A8DB19200AAE44C /* CreatePageViewController.swift */,
				10D094942A8CFB3100E54766 /* FeedList.swift */,
				101D6E352A8D15E80099654D /* StroyList.swift */,
			);
			path = MainPage;
			sourceTree = "<group>";
		};
		10D534092A89FEBC00A7D17A /* DetailPage */ = {
			isa = PBXGroup;
			children = (
				10D534062A89FEA900A7D17A /* DetailPage.storyboard */,
				AB0BE5CF2A8F45850028A1E1 /* DetailPageViewController.swift */,
				AB0BE5D12A8F45E70028A1E1 /* CustomTableViewCell.swift */,
			);
			path = DetailPage;
			sourceTree = "<group>";
		};
		10D5340C2A89FED900A7D17A /* CreatePage */ = {
			isa = PBXGroup;
			children = (
				10D5340A2A89FED500A7D17A /* CreatePage.storyboard */,
				10D533F42A89FE6900A7D17A /* ViewController.swift */,
				10D533F22A89FE6900A7D17A /* SceneDelegate.swift */,
				10D533F92A89FE6B00A7D17A /* Assets.xcassets */,
				10D533F02A89FE6900A7D17A /* AppDelegate.swift */,
				078054C02A8E044C0016BC46 /* Struct.swift */,
			);
			path = CreatePage;
			sourceTree = "<group>";
		};
		10D5340F2A89FF0000A7D17A /* MyPage */ = {
			isa = PBXGroup;
			children = (
				D648A4722A8F3E89001E4D85 /* Data.swift */,
				D648A4712A8F3E89001E4D85 /* Feed */,
				D648A4702A8F3E89001E4D85 /* Friend */,
				D648A4742A8F3E89001E4D85 /* MyPage.storyboard */,
				D648A46F2A8F3E89001E4D85 /* MyPageViewController.swift */,
				D648A4732A8F3E89001E4D85 /* MyProfile */,
			);
			path = MyPage;
			sourceTree = "<group>";
		};
		10D534122A89FF2100A7D17A /* EditMyPage */ = {
			isa = PBXGroup;
			children = (
				10D534102A89FF1900A7D17A /* EditMyPage.storyboard */,
			);
			path = EditMyPage;
			sourceTree = "<group>";
		};
/* End PBXGroup section */

/* Begin PBXNativeTarget section */
		10D533EC2A89FE6900A7D17A /* HelloWorld */ = {
			isa = PBXNativeTarget;
			buildConfigurationList = 10D534012A89FE6B00A7D17A /* Build configuration list for PBXNativeTarget "HelloWorld" */;
			buildPhases = (
				10D533E92A89FE6900A7D17A /* Sources */,
				10D533EA2A89FE6900A7D17A /* Frameworks */,
				10D533EB2A89FE6900A7D17A /* Resources */,
			);
			buildRules = (
			);
			dependencies = (
			);
			name = HelloWorld;
			productName = HelloWorld;
			productReference = 10D533ED2A89FE6900A7D17A /* HelloWorld.app */;
			productType = "com.apple.product-type.application";
		};
/* End PBXNativeTarget section */

/* Begin PBXProject section */
		10D533E52A89FE6900A7D17A /* Project object */ = {
			isa = PBXProject;
			attributes = {
				BuildIndependentTargetsInParallel = 1;
				LastSwiftUpdateCheck = 1430;
				LastUpgradeCheck = 1430;
				TargetAttributes = {
					10D533EC2A89FE6900A7D17A = {
						CreatedOnToolsVersion = 14.3.1;
					};
				};
			};
			buildConfigurationList = 10D533E82A89FE6900A7D17A /* Build configuration list for PBXProject "HelloWorld" */;
			compatibilityVersion = "Xcode 14.0";
			developmentRegion = en;
			hasScannedForEncodings = 0;
			knownRegions = (
				en,
				Base,
			);
			mainGroup = 10D533E42A89FE6900A7D17A;
			productRefGroup = 10D533EE2A89FE6900A7D17A /* Products */;
			projectDirPath = "";
			projectRoot = "";
			targets = (
				10D533EC2A89FE6900A7D17A /* HelloWorld */,
			);
		};
/* End PBXProject section */

/* Begin PBXResourcesBuildPhase section */
		10D533EB2A89FE6900A7D17A /* Resources */ = {
			isa = PBXResourcesBuildPhase;
			buildActionMask = 2147483647;
			files = (
				10D0948B2A8C686600E54766 /* FeedTableViewCell.xib in Resources */,
				10D534052A89FE8800A7D17A /* MainPage.storyboard in Resources */,
				1059B3362A8E02A800023E1A /* SeperateTableViewCell.xib in Resources */,
				10D534072A89FEA900A7D17A /* DetailPage.storyboard in Resources */,
				10D0948F2A8C92A000E54766 /* StoryTableViewCell.xib in Resources */,
				D648A4792A8F3E89001E4D85 /* MyProfile in Resources */,
				D648A4772A8F3E89001E4D85 /* Feed in Resources */,
				10D533FD2A89FE6B00A7D17A /* LaunchScreen.storyboard in Resources */,
				10D5340B2A89FED500A7D17A /* CreatePage.storyboard in Resources */,
				D648A47A2A8F3E89001E4D85 /* MyPage.storyboard in Resources */,
				10D534112A89FF1900A7D17A /* EditMyPage.storyboard in Resources */,
				D648A4762A8F3E89001E4D85 /* Friend in Resources */,
				10D533FA2A89FE6B00A7D17A /* Assets.xcassets in Resources */,
				10D533F82A89FE6900A7D17A /* Main.storyboard in Resources */,
				10D094932A8C9A2500E54766 /* StoryCollectionViewCell.xib in Resources */,
			);
			runOnlyForDeploymentPostprocessing = 0;
		};
/* End PBXResourcesBuildPhase section */

/* Begin PBXSourcesBuildPhase section */
		10D533E92A89FE6900A7D17A /* Sources */ = {
			isa = PBXSourcesBuildPhase;
			buildActionMask = 2147483647;
			files = (
				10D29B7F2A8A23D300AEF72F /* MainPageViewController.swift in Sources */,
				10CAA8172A8DB19200AAE44C /* CreatePageViewController.swift in Sources */,
				1059B3322A8E01C000023E1A /* TestViewController.swift in Sources */,
				10D094952A8CFB3100E54766 /* FeedList.swift in Sources */,
				101D6E362A8D15E80099654D /* StroyList.swift in Sources */,
				D648A4752A8F3E89001E4D85 /* MyPageViewController.swift in Sources */,
				D648A4782A8F3E89001E4D85 /* Data.swift in Sources */,
				10D533F52A89FE6900A7D17A /* ViewController.swift in Sources */,
				AB0BE5D02A8F45850028A1E1 /* DetailPageViewController.swift in Sources */,
				AB0BE5D22A8F45E70028A1E1 /* CustomTableViewCell.swift in Sources */,
				078054C12A8E044C0016BC46 /* Struct.swift in Sources */,
				10D533F12A89FE6900A7D17A /* AppDelegate.swift in Sources */,
				10D533F32A89FE6900A7D17A /* SceneDelegate.swift in Sources */,
				10D0948A2A8C686600E54766 /* FeedTableViewCell.swift in Sources */,
				10D094922A8C9A2500E54766 /* StoryCollectionViewCell.swift in Sources */,
				1059B3352A8E02A800023E1A /* SeperateTableViewCell.swift in Sources */,
				10D0948E2A8C92A000E54766 /* StoryTableViewCell.swift in Sources */,
			);
			runOnlyForDeploymentPostprocessing = 0;
		};
/* End PBXSourcesBuildPhase section */

/* Begin PBXVariantGroup section */
		10D533F62A89FE6900A7D17A /* Main.storyboard */ = {
			isa = PBXVariantGroup;
			children = (
				10D533F72A89FE6900A7D17A /* Base */,
			);
			name = Main.storyboard;
			sourceTree = "<group>";
		};
		10D533FB2A89FE6B00A7D17A /* LaunchScreen.storyboard */ = {
			isa = PBXVariantGroup;
			children = (
				10D533FC2A89FE6B00A7D17A /* Base */,
			);
			name = LaunchScreen.storyboard;
			sourceTree = "<group>";
		};
/* End PBXVariantGroup section */

/* Begin XCBuildConfiguration section */
		10D533FF2A89FE6B00A7D17A /* Debug */ = {
			isa = XCBuildConfiguration;
			buildSettings = {
				ALWAYS_SEARCH_USER_PATHS = NO;
				CLANG_ANALYZER_NONNULL = YES;
				CLANG_ANALYZER_NUMBER_OBJECT_CONVERSION = YES_AGGRESSIVE;
				CLANG_CXX_LANGUAGE_STANDARD = "gnu++20";
				CLANG_ENABLE_MODULES = YES;
				CLANG_ENABLE_OBJC_ARC = YES;
				CLANG_ENABLE_OBJC_WEAK = YES;
				CLANG_WARN_BLOCK_CAPTURE_AUTORELEASING = YES;
				CLANG_WARN_BOOL_CONVERSION = YES;
				CLANG_WARN_COMMA = YES;
				CLANG_WARN_CONSTANT_CONVERSION = YES;
				CLANG_WARN_DEPRECATED_OBJC_IMPLEMENTATIONS = YES;
				CLANG_WARN_DIRECT_OBJC_ISA_USAGE = YES_ERROR;
				CLANG_WARN_DOCUMENTATION_COMMENTS = YES;
				CLANG_WARN_EMPTY_BODY = YES;
				CLANG_WARN_ENUM_CONVERSION = YES;
				CLANG_WARN_INFINITE_RECURSION = YES;
				CLANG_WARN_INT_CONVERSION = YES;
				CLANG_WARN_NON_LITERAL_NULL_CONVERSION = YES;
				CLANG_WARN_OBJC_IMPLICIT_RETAIN_SELF = YES;
				CLANG_WARN_OBJC_LITERAL_CONVERSION = YES;
				CLANG_WARN_OBJC_ROOT_CLASS = YES_ERROR;
				CLANG_WARN_QUOTED_INCLUDE_IN_FRAMEWORK_HEADER = YES;
				CLANG_WARN_RANGE_LOOP_ANALYSIS = YES;
				CLANG_WARN_STRICT_PROTOTYPES = YES;
				CLANG_WARN_SUSPICIOUS_MOVE = YES;
				CLANG_WARN_UNGUARDED_AVAILABILITY = YES_AGGRESSIVE;
				CLANG_WARN_UNREACHABLE_CODE = YES;
				CLANG_WARN__DUPLICATE_METHOD_MATCH = YES;
				COPY_PHASE_STRIP = NO;
				DEBUG_INFORMATION_FORMAT = dwarf;
				ENABLE_STRICT_OBJC_MSGSEND = YES;
				ENABLE_TESTABILITY = YES;
				GCC_C_LANGUAGE_STANDARD = gnu11;
				GCC_DYNAMIC_NO_PIC = NO;
				GCC_NO_COMMON_BLOCKS = YES;
				GCC_OPTIMIZATION_LEVEL = 0;
				GCC_PREPROCESSOR_DEFINITIONS = (
					"DEBUG=1",
					"$(inherited)",
				);
				GCC_WARN_64_TO_32_BIT_CONVERSION = YES;
				GCC_WARN_ABOUT_RETURN_TYPE = YES_ERROR;
				GCC_WARN_UNDECLARED_SELECTOR = YES;
				GCC_WARN_UNINITIALIZED_AUTOS = YES_AGGRESSIVE;
				GCC_WARN_UNUSED_FUNCTION = YES;
				GCC_WARN_UNUSED_VARIABLE = YES;
				IPHONEOS_DEPLOYMENT_TARGET = 16.4;
				MTL_ENABLE_DEBUG_INFO = INCLUDE_SOURCE;
				MTL_FAST_MATH = YES;
				ONLY_ACTIVE_ARCH = YES;
				SDKROOT = iphoneos;
				SWIFT_ACTIVE_COMPILATION_CONDITIONS = DEBUG;
				SWIFT_OPTIMIZATION_LEVEL = "-Onone";
			};
			name = Debug;
		};
		10D534002A89FE6B00A7D17A /* Release */ = {
			isa = XCBuildConfiguration;
			buildSettings = {
				ALWAYS_SEARCH_USER_PATHS = NO;
				CLANG_ANALYZER_NONNULL = YES;
				CLANG_ANALYZER_NUMBER_OBJECT_CONVERSION = YES_AGGRESSIVE;
				CLANG_CXX_LANGUAGE_STANDARD = "gnu++20";
				CLANG_ENABLE_MODULES = YES;
				CLANG_ENABLE_OBJC_ARC = YES;
				CLANG_ENABLE_OBJC_WEAK = YES;
				CLANG_WARN_BLOCK_CAPTURE_AUTORELEASING = YES;
				CLANG_WARN_BOOL_CONVERSION = YES;
				CLANG_WARN_COMMA = YES;
				CLANG_WARN_CONSTANT_CONVERSION = YES;
				CLANG_WARN_DEPRECATED_OBJC_IMPLEMENTATIONS = YES;
				CLANG_WARN_DIRECT_OBJC_ISA_USAGE = YES_ERROR;
				CLANG_WARN_DOCUMENTATION_COMMENTS = YES;
				CLANG_WARN_EMPTY_BODY = YES;
				CLANG_WARN_ENUM_CONVERSION = YES;
				CLANG_WARN_INFINITE_RECURSION = YES;
				CLANG_WARN_INT_CONVERSION = YES;
				CLANG_WARN_NON_LITERAL_NULL_CONVERSION = YES;
				CLANG_WARN_OBJC_IMPLICIT_RETAIN_SELF = YES;
				CLANG_WARN_OBJC_LITERAL_CONVERSION = YES;
				CLANG_WARN_OBJC_ROOT_CLASS = YES_ERROR;
				CLANG_WARN_QUOTED_INCLUDE_IN_FRAMEWORK_HEADER = YES;
				CLANG_WARN_RANGE_LOOP_ANALYSIS = YES;
				CLANG_WARN_STRICT_PROTOTYPES = YES;
				CLANG_WARN_SUSPICIOUS_MOVE = YES;
				CLANG_WARN_UNGUARDED_AVAILABILITY = YES_AGGRESSIVE;
				CLANG_WARN_UNREACHABLE_CODE = YES;
				CLANG_WARN__DUPLICATE_METHOD_MATCH = YES;
				COPY_PHASE_STRIP = NO;
				DEBUG_INFORMATION_FORMAT = "dwarf-with-dsym";
				ENABLE_NS_ASSERTIONS = NO;
				ENABLE_STRICT_OBJC_MSGSEND = YES;
				GCC_C_LANGUAGE_STANDARD = gnu11;
				GCC_NO_COMMON_BLOCKS = YES;
				GCC_WARN_64_TO_32_BIT_CONVERSION = YES;
				GCC_WARN_ABOUT_RETURN_TYPE = YES_ERROR;
				GCC_WARN_UNDECLARED_SELECTOR = YES;
				GCC_WARN_UNINITIALIZED_AUTOS = YES_AGGRESSIVE;
				GCC_WARN_UNUSED_FUNCTION = YES;
				GCC_WARN_UNUSED_VARIABLE = YES;
				IPHONEOS_DEPLOYMENT_TARGET = 16.4;
				MTL_ENABLE_DEBUG_INFO = NO;
				MTL_FAST_MATH = YES;
				SDKROOT = iphoneos;
				SWIFT_COMPILATION_MODE = wholemodule;
				SWIFT_OPTIMIZATION_LEVEL = "-O";
				VALIDATE_PRODUCT = YES;
			};
			name = Release;
		};
		10D534022A89FE6B00A7D17A /* Debug */ = {
			isa = XCBuildConfiguration;
			buildSettings = {
				ASSETCATALOG_COMPILER_APPICON_NAME = AppIcon;
				ASSETCATALOG_COMPILER_GLOBAL_ACCENT_COLOR_NAME = AccentColor;
				CODE_SIGN_STYLE = Automatic;
				CURRENT_PROJECT_VERSION = 1;
				DEVELOPMENT_TEAM = 7425535F6V;
				GENERATE_INFOPLIST_FILE = YES;
				INFOPLIST_FILE = HelloWorld/Info.plist;
				INFOPLIST_KEY_UIApplicationSupportsIndirectInputEvents = YES;
				INFOPLIST_KEY_UILaunchStoryboardName = LaunchScreen;
				INFOPLIST_KEY_UIMainStoryboardFile = MainPage;
				INFOPLIST_KEY_UISupportedInterfaceOrientations_iPad = "UIInterfaceOrientationPortrait UIInterfaceOrientationPortraitUpsideDown UIInterfaceOrientationLandscapeLeft UIInterfaceOrientationLandscapeRight";
				INFOPLIST_KEY_UISupportedInterfaceOrientations_iPhone = "UIInterfaceOrientationPortrait UIInterfaceOrientationLandscapeLeft UIInterfaceOrientationLandscapeRight";
				LD_RUNPATH_SEARCH_PATHS = (
					"$(inherited)",
					"@executable_path/Frameworks",
				);
				MARKETING_VERSION = 1.0;
				PRODUCT_BUNDLE_IDENTIFIER = com.iOS.camp.HelloWorld;
				PRODUCT_NAME = "$(TARGET_NAME)";
				SWIFT_EMIT_LOC_STRINGS = YES;
				SWIFT_VERSION = 5.0;
				TARGETED_DEVICE_FAMILY = "1,2";
			};
			name = Debug;
		};
		10D534032A89FE6B00A7D17A /* Release */ = {
			isa = XCBuildConfiguration;
			buildSettings = {
				ASSETCATALOG_COMPILER_APPICON_NAME = AppIcon;
				ASSETCATALOG_COMPILER_GLOBAL_ACCENT_COLOR_NAME = AccentColor;
				CODE_SIGN_STYLE = Automatic;
				CURRENT_PROJECT_VERSION = 1;
				DEVELOPMENT_TEAM = 7425535F6V;
				GENERATE_INFOPLIST_FILE = YES;
				INFOPLIST_FILE = HelloWorld/Info.plist;
				INFOPLIST_KEY_UIApplicationSupportsIndirectInputEvents = YES;
				INFOPLIST_KEY_UILaunchStoryboardName = LaunchScreen;
				INFOPLIST_KEY_UIMainStoryboardFile = MainPage;
				INFOPLIST_KEY_UISupportedInterfaceOrientations_iPad = "UIInterfaceOrientationPortrait UIInterfaceOrientationPortraitUpsideDown UIInterfaceOrientationLandscapeLeft UIInterfaceOrientationLandscapeRight";
				INFOPLIST_KEY_UISupportedInterfaceOrientations_iPhone = "UIInterfaceOrientationPortrait UIInterfaceOrientationLandscapeLeft UIInterfaceOrientationLandscapeRight";
				LD_RUNPATH_SEARCH_PATHS = (
					"$(inherited)",
					"@executable_path/Frameworks",
				);
				MARKETING_VERSION = 1.0;
				PRODUCT_BUNDLE_IDENTIFIER = com.iOS.camp.HelloWorld;
				PRODUCT_NAME = "$(TARGET_NAME)";
				SWIFT_EMIT_LOC_STRINGS = YES;
				SWIFT_VERSION = 5.0;
				TARGETED_DEVICE_FAMILY = "1,2";
			};
			name = Release;
		};
/* End XCBuildConfiguration section */

/* Begin XCConfigurationList section */
		10D533E82A89FE6900A7D17A /* Build configuration list for PBXProject "HelloWorld" */ = {
			isa = XCConfigurationList;
			buildConfigurations = (
				10D533FF2A89FE6B00A7D17A /* Debug */,
				10D534002A89FE6B00A7D17A /* Release */,
			);
			defaultConfigurationIsVisible = 0;
			defaultConfigurationName = Release;
		};
		10D534012A89FE6B00A7D17A /* Build configuration list for PBXNativeTarget "HelloWorld" */ = {
			isa = XCConfigurationList;
			buildConfigurations = (
				10D534022A89FE6B00A7D17A /* Debug */,
				10D534032A89FE6B00A7D17A /* Release */,
			);
			defaultConfigurationIsVisible = 0;
			defaultConfigurationName = Release;
		};
/* End XCConfigurationList section */
	};
	rootObject = 10D533E52A89FE6900A7D17A /* Project object */;
}
